
Microsoft Visual Studio Solution File, Format Version 12.00
# Visual Studio Version 17
VisualStudioVersion = 17.0.31903.59
MinimumVisualStudioVersion = 10.0.40219.1
Project("{FAE04EC0-301F-11D3-BF4B-00C04F79EFBC}") = "MyGame", "MyGame\MyGame.csproj", "{B0F9C022-B8F3-4D57-BA5C-A79DAC731AD2}"
EndProject
Global
	GlobalSection(SolutionConfigurationPlatforms) = preSolution
		Debug|Any CPU = Debug|Any CPU
		Release|Any CPU = Release|Any CPU
	EndGlobalSection
	GlobalSection(SolutionProperties) = preSolution
		HideSolutionNode = FALSE
	EndGlobalSection
	GlobalSection(ProjectConfigurationPlatforms) = postSolution
		{B0F9C022-B8F3-4D57-BA5C-A79DAC731AD2}.Debug|Any CPU.ActiveCfg = Debug|Any CPU
		{B0F9C022-B8F3-4D57-BA5C-A79DAC731AD2}.Debug|Any CPU.Build.0 = Debug|Any CPU
		{B0F9C022-B8F3-4D57-BA5C-A79DAC731AD2}.Release|Any CPU.ActiveCfg = Release|Any CPU
		{B0F9C022-B8F3-4D57-BA5C-A79DAC731AD2}.Release|Any CPU.Build.0 = Release|Any CPU
	EndGlobalSection
EndGlobal
